// !$*UTF8*$!
{
	archiveVersion = 1;
	classes = {
	};
	objectVersion = 46;
	objects = {

/* Begin PBXBuildFile section */
		2DBA1B4ACB1A3D8C8C7473F6 /* TlenConnection.m in Sources */ = {isa = PBXBuildFile; fileRef = 2DBA1A4CE0C816100A13CE42 /* TlenConnection.m */; };
		2DBA1DD72C5AD86AB43A4924 /* auth.c in Sources */ = {isa = PBXBuildFile; fileRef = 2DBA119C75568B642E7C5951 /* auth.c */; };
		7404CFBE1820521D00A465C2 /* Cocoa.framework in Frameworks */ = {isa = PBXBuildFile; fileRef = 7404CFBD1820521D00A465C2 /* Cocoa.framework */; };
		7404CFC81820521D00A465C2 /* InfoPlist.strings in Resources */ = {isa = PBXBuildFile; fileRef = 7404CFC61820521D00A465C2 /* InfoPlist.strings */; };
		7404CFD0182052CA00A465C2 /* IMServicePlugIn.framework in Frameworks */ = {isa = PBXBuildFile; fileRef = 7404CFCF182052CA00A465C2 /* IMServicePlugIn.framework */; };
		7404CFD31820543600A465C2 /* Tlenoid.m in Sources */ = {isa = PBXBuildFile; fileRef = 7404CFD21820543600A465C2 /* Tlenoid.m */; };
/* End PBXBuildFile section */

/* Begin PBXFileReference section */
		2DBA119C75568B642E7C5951 /* auth.c */ = {isa = PBXFileReference; fileEncoding = 4; lastKnownFileType = sourcecode.c.c; path = auth.c; sourceTree = "<group>"; };
		2DBA16530F763DD2192CE9C2 /* auth.h */ = {isa = PBXFileReference; fileEncoding = 4; lastKnownFileType = sourcecode.c.h; path = auth.h; sourceTree = "<group>"; };
		2DBA1A4CE0C816100A13CE42 /* TlenConnection.m */ = {isa = PBXFileReference; fileEncoding = 4; lastKnownFileType = sourcecode.c.objc; path = TlenConnection.m; sourceTree = "<group>"; };
		2DBA1AFC767ADA676D85F933 /* TlenConnection.h */ = {isa = PBXFileReference; fileEncoding = 4; lastKnownFileType = sourcecode.c.h; path = TlenConnection.h; sourceTree = "<group>"; };
		7404CFBA1820521D00A465C2 /* Tlenoid.imserviceplugin */ = {isa = PBXFileReference; explicitFileType = wrapper.cfbundle; includeInIndex = 0; path = Tlenoid.imserviceplugin; sourceTree = BUILT_PRODUCTS_DIR; };
		7404CFBD1820521D00A465C2 /* Cocoa.framework */ = {isa = PBXFileReference; lastKnownFileType = wrapper.framework; name = Cocoa.framework; path = System/Library/Frameworks/Cocoa.framework; sourceTree = SDKROOT; };
		7404CFC01820521D00A465C2 /* Foundation.framework */ = {isa = PBXFileReference; lastKnownFileType = wrapper.framework; name = Foundation.framework; path = System/Library/Frameworks/Foundation.framework; sourceTree = SDKROOT; };
		7404CFC11820521D00A465C2 /* CoreData.framework */ = {isa = PBXFileReference; lastKnownFileType = wrapper.framework; name = CoreData.framework; path = System/Library/Frameworks/CoreData.framework; sourceTree = SDKROOT; };
		7404CFC21820521D00A465C2 /* AppKit.framework */ = {isa = PBXFileReference; lastKnownFileType = wrapper.framework; name = AppKit.framework; path = System/Library/Frameworks/AppKit.framework; sourceTree = SDKROOT; };
		7404CFC51820521D00A465C2 /* Tlenoid-Info.plist */ = {isa = PBXFileReference; lastKnownFileType = text.plist.xml; path = "Tlenoid-Info.plist"; sourceTree = "<group>"; };
		7404CFC71820521D00A465C2 /* en */ = {isa = PBXFileReference; lastKnownFileType = text.plist.strings; name = en; path = en.lproj/InfoPlist.strings; sourceTree = "<group>"; };
		7404CFC91820521D00A465C2 /* Tlenoid-Prefix.pch */ = {isa = PBXFileReference; lastKnownFileType = sourcecode.c.h; path = "Tlenoid-Prefix.pch"; sourceTree = "<group>"; };
		7404CFCF182052CA00A465C2 /* IMServicePlugIn.framework */ = {isa = PBXFileReference; lastKnownFileType = wrapper.framework; name = IMServicePlugIn.framework; path = System/Library/Frameworks/IMServicePlugIn.framework; sourceTree = SDKROOT; };
		7404CFD11820543600A465C2 /* Tlenoid.h */ = {isa = PBXFileReference; fileEncoding = 4; lastKnownFileType = sourcecode.c.h; path = Tlenoid.h; sourceTree = "<group>"; };
		7404CFD21820543600A465C2 /* Tlenoid.m */ = {isa = PBXFileReference; fileEncoding = 4; lastKnownFileType = sourcecode.c.objc; path = Tlenoid.m; sourceTree = "<group>"; };
/* End PBXFileReference section */

/* Begin PBXFrameworksBuildPhase section */
		7404CFB71820521D00A465C2 /* Frameworks */ = {
			isa = PBXFrameworksBuildPhase;
			buildActionMask = 2147483647;
			files = (
				7404CFD0182052CA00A465C2 /* IMServicePlugIn.framework in Frameworks */,
				7404CFBE1820521D00A465C2 /* Cocoa.framework in Frameworks */,
			);
			runOnlyForDeploymentPostprocessing = 0;
		};
/* End PBXFrameworksBuildPhase section */

/* Begin PBXGroup section */
		7404CFB11820521D00A465C2 = {
			isa = PBXGroup;
			children = (
				7404CFC31820521D00A465C2 /* Tlenoid */,
				7404CFBC1820521D00A465C2 /* Frameworks */,
				7404CFBB1820521D00A465C2 /* Products */,
			);
			sourceTree = "<group>";
		};
		7404CFBB1820521D00A465C2 /* Products */ = {
			isa = PBXGroup;
			children = (
				7404CFBA1820521D00A465C2 /* Tlenoid.imserviceplugin */,
			);
			name = Products;
			sourceTree = "<group>";
		};
		7404CFBC1820521D00A465C2 /* Frameworks */ = {
			isa = PBXGroup;
			children = (
				7404CFCF182052CA00A465C2 /* IMServicePlugIn.framework */,
				7404CFBD1820521D00A465C2 /* Cocoa.framework */,
				7404CFBF1820521D00A465C2 /* Other Frameworks */,
			);
			name = Frameworks;
			sourceTree = "<group>";
		};
		7404CFBF1820521D00A465C2 /* Other Frameworks */ = {
			isa = PBXGroup;
			children = (
				7404CFC01820521D00A465C2 /* Foundation.framework */,
				7404CFC11820521D00A465C2 /* CoreData.framework */,
				7404CFC21820521D00A465C2 /* AppKit.framework */,
			);
			name = "Other Frameworks";
			sourceTree = "<group>";
		};
		7404CFC31820521D00A465C2 /* Tlenoid */ = {
			isa = PBXGroup;
			children = (
				7404CFC41820521D00A465C2 /* Supporting Files */,
				7404CFD11820543600A465C2 /* Tlenoid.h */,
				7404CFD21820543600A465C2 /* Tlenoid.m */,
				2DBA1A4CE0C816100A13CE42 /* TlenConnection.m */,
				2DBA1AFC767ADA676D85F933 /* TlenConnection.h */,
				2DBA119C75568B642E7C5951 /* auth.c */,
				2DBA16530F763DD2192CE9C2 /* auth.h */,
			);
			path = Tlenoid;
			sourceTree = "<group>";
		};
		7404CFC41820521D00A465C2 /* Supporting Files */ = {
			isa = PBXGroup;
			children = (
				7404CFC51820521D00A465C2 /* Tlenoid-Info.plist */,
				7404CFC61820521D00A465C2 /* InfoPlist.strings */,
				7404CFC91820521D00A465C2 /* Tlenoid-Prefix.pch */,
			);
			name = "Supporting Files";
			sourceTree = "<group>";
		};
/* End PBXGroup section */

/* Begin PBXNativeTarget section */
		7404CFB91820521D00A465C2 /* Tlenoid */ = {
			isa = PBXNativeTarget;
			buildConfigurationList = 7404CFCC1820521D00A465C2 /* Build configuration list for PBXNativeTarget "Tlenoid" */;
			buildPhases = (
				7404CFB61820521D00A465C2 /* Sources */,
				7404CFB71820521D00A465C2 /* Frameworks */,
				7404CFB81820521D00A465C2 /* Resources */,
			);
			buildRules = (
			);
			dependencies = (
			);
			name = Tlenoid;
			productName = Tlenoid;
			productReference = 7404CFBA1820521D00A465C2 /* Tlenoid.imserviceplugin */;
			productType = "com.apple.product-type.bundle";
		};
/* End PBXNativeTarget section */

/* Begin PBXProject section */
		7404CFB21820521D00A465C2 /* Project object */ = {
			isa = PBXProject;
			attributes = {
				LastUpgradeCheck = 0500;
				ORGANIZATIONNAME = "pelotasplus Aleksander Piotrowski";
			};
			buildConfigurationList = 7404CFB51820521D00A465C2 /* Build configuration list for PBXProject "Tlenoid" */;
			compatibilityVersion = "Xcode 3.2";
			developmentRegion = English;
			hasScannedForEncodings = 0;
			knownRegions = (
				en,
			);
			mainGroup = 7404CFB11820521D00A465C2;
			productRefGroup = 7404CFBB1820521D00A465C2 /* Products */;
			projectDirPath = "";
			projectRoot = "";
			targets = (
				7404CFB91820521D00A465C2 /* Tlenoid */,
			);
		};
/* End PBXProject section */

/* Begin PBXResourcesBuildPhase section */
		7404CFB81820521D00A465C2 /* Resources */ = {
			isa = PBXResourcesBuildPhase;
			buildActionMask = 2147483647;
			files = (
				7404CFC81820521D00A465C2 /* InfoPlist.strings in Resources */,
			);
			runOnlyForDeploymentPostprocessing = 0;
		};
/* End PBXResourcesBuildPhase section */

/* Begin PBXSourcesBuildPhase section */
		7404CFB61820521D00A465C2 /* Sources */ = {
			isa = PBXSourcesBuildPhase;
			buildActionMask = 2147483647;
			files = (
				7404CFD31820543600A465C2 /* Tlenoid.m in Sources */,
				2DBA1B4ACB1A3D8C8C7473F6 /* TlenConnection.m in Sources */,
				2DBA1DD72C5AD86AB43A4924 /* auth.c in Sources */,
			);
			runOnlyForDeploymentPostprocessing = 0;
		};
/* End PBXSourcesBuildPhase section */

/* Begin PBXVariantGroup section */
		7404CFC61820521D00A465C2 /* InfoPlist.strings */ = {
			isa = PBXVariantGroup;
			children = (
				7404CFC71820521D00A465C2 /* en */,
			);
			name = InfoPlist.strings;
			sourceTree = "<group>";
		};
/* End PBXVariantGroup section */

/* Begin XCBuildConfiguration section */
		7404CFCA1820521D00A465C2 /* Debug */ = {
			isa = XCBuildConfiguration;
			buildSettings = {
				ALWAYS_SEARCH_USER_PATHS = NO;
				CLANG_CXX_LANGUAGE_STANDARD = "gnu++0x";
				CLANG_CXX_LIBRARY = "libc++";
				CLANG_ENABLE_OBJC_ARC = YES;
				CLANG_WARN_BOOL_CONVERSION = YES;
				CLANG_WARN_CONSTANT_CONVERSION = YES;
				CLANG_WARN_DIRECT_OBJC_ISA_USAGE = YES_ERROR;
				CLANG_WARN_EMPTY_BODY = YES;
				CLANG_WARN_ENUM_CONVERSION = YES;
				CLANG_WARN_INT_CONVERSION = YES;
				CLANG_WARN_OBJC_ROOT_CLASS = YES_ERROR;
				CLANG_WARN__DUPLICATE_METHOD_MATCH = YES;
				COPY_PHASE_STRIP = NO;
				GCC_C_LANGUAGE_STANDARD = gnu99;
				GCC_DYNAMIC_NO_PIC = NO;
				GCC_ENABLE_OBJC_EXCEPTIONS = YES;
				GCC_OPTIMIZATION_LEVEL = 0;
				GCC_PREPROCESSOR_DEFINITIONS = (
					"DEBUG=1",
					"$(inherited)",
				);
				GCC_SYMBOLS_PRIVATE_EXTERN = NO;
				GCC_WARN_64_TO_32_BIT_CONVERSION = YES;
				GCC_WARN_ABOUT_RETURN_TYPE = YES_ERROR;
				GCC_WARN_UNDECLARED_SELECTOR = YES;
				GCC_WARN_UNINITIALIZED_AUTOS = YES;
				GCC_WARN_UNUSED_FUNCTION = YES;
				GCC_WARN_UNUSED_VARIABLE = YES;
				MACOSX_DEPLOYMENT_TARGET = 10.9;
				ONLY_ACTIVE_ARCH = YES;
				SDKROOT = macosx;
			};
			name = Debug;
		};
		7404CFCB1820521D00A465C2 /* Release */ = {
			isa = XCBuildConfiguration;
			buildSettings = {
				ALWAYS_SEARCH_USER_PATHS = NO;
				CLANG_CXX_LANGUAGE_STANDARD = "gnu++0x";
				CLANG_CXX_LIBRARY = "libc++";
				CLANG_ENABLE_OBJC_ARC = YES;
				CLANG_WARN_BOOL_CONVERSION = YES;
				CLANG_WARN_CONSTANT_CONVERSION = YES;
				CLANG_WARN_DIRECT_OBJC_ISA_USAGE = YES_ERROR;
				CLANG_WARN_EMPTY_BODY = YES;
				CLANG_WARN_ENUM_CONVERSION = YES;
				CLANG_WARN_INT_CONVERSION = YES;
				CLANG_WARN_OBJC_ROOT_CLASS = YES_ERROR;
				CLANG_WARN__DUPLICATE_METHOD_MATCH = YES;
				COPY_PHASE_STRIP = YES;
				DEBUG_INFORMATION_FORMAT = "dwarf-with-dsym";
				ENABLE_NS_ASSERTIONS = NO;
				GCC_C_LANGUAGE_STANDARD = gnu99;
				GCC_ENABLE_OBJC_EXCEPTIONS = YES;
				GCC_WARN_64_TO_32_BIT_CONVERSION = YES;
				GCC_WARN_ABOUT_RETURN_TYPE = YES_ERROR;
				GCC_WARN_UNDECLARED_SELECTOR = YES;
				GCC_WARN_UNINITIALIZED_AUTOS = YES;
				GCC_WARN_UNUSED_FUNCTION = YES;
				GCC_WARN_UNUSED_VARIABLE = YES;
				MACOSX_DEPLOYMENT_TARGET = 10.9;
				SDKROOT = macosx;
			};
			name = Release;
		};
		7404CFCD1820521D00A465C2 /* Debug */ = {
			isa = XCBuildConfiguration;
			buildSettings = {
				COMBINE_HIDPI_IMAGES = YES;
				GCC_PRECOMPILE_PREFIX_HEADER = YES;
				GCC_PREFIX_HEADER = "Tlenoid/Tlenoid-Prefix.pch";
				INFOPLIST_FILE = "Tlenoid/Tlenoid-Info.plist";
				INSTALL_PATH = "~/Library/iChat/PlugIns/";
				PRODUCT_NAME = "$(TARGET_NAME)";
				WRAPPER_EXTENSION = imserviceplugin;
			};
			name = Debug;
		};
		7404CFCE1820521D00A465C2 /* Release */ = {
			isa = XCBuildConfiguration;
			buildSettings = {
				COMBINE_HIDPI_IMAGES = YES;
				GCC_PRECOMPILE_PREFIX_HEADER = YES;
				GCC_PREFIX_HEADER = "Tlenoid/Tlenoid-Prefix.pch";
				INFOPLIST_FILE = "Tlenoid/Tlenoid-Info.plist";
				INSTALL_PATH = "~/Library/iChat/PlugIns/";
				PRODUCT_NAME = "$(TARGET_NAME)";
				WRAPPER_EXTENSION = imserviceplugin;
			};
			name = Release;
		};
/* End XCBuildConfiguration section */

/* Begin XCConfigurationList section */
		7404CFB51820521D00A465C2 /* Build configuration list for PBXProject "Tlenoid" */ = {
			isa = XCConfigurationList;
			buildConfigurations = (
				7404CFCA1820521D00A465C2 /* Debug */,
				7404CFCB1820521D00A465C2 /* Release */,
			);
			defaultConfigurationIsVisible = 0;
			defaultConfigurationName = Release;
		};
		7404CFCC1820521D00A465C2 /* Build configuration list for PBXNativeTarget "Tlenoid" */ = {
			isa = XCConfigurationList;
			buildConfigurations = (
				7404CFCD1820521D00A465C2 /* Debug */,
				7404CFCE1820521D00A465C2 /* Release */,
			);
			defaultConfigurationIsVisible = 0;
			defaultConfigurationName = Release;
		};
/* End XCConfigurationList section */
	};
	rootObject = 7404CFB21820521D00A465C2 /* Project object */;
}
